{
  "name": "vzn",
  "version": "0.1.1",
  "lockfileVersion": 1,
  "requires": true,
  "dependencies": {
    "solid-js": {
      "version": "0.19.2",
      "resolved": "https://registry.npmjs.org/solid-js/-/solid-js-0.19.2.tgz",
      "integrity": "sha512-fDkI28GArnyyavuaNymD0a3UG//FLz55H32V0a+0LbJM29/W4H/Z685SCPa/DE/MPA5CnQfY3s14IEnUn1s7FA=="
    }
  }
}
